
Microsoft Visual Studio Solution File, Format Version 12.00
Project("{FAE04EC0-301F-11D3-BF4B-00C04F79EFBC}") = "StockMarket.WebApp", "StockMarket.WebApp\StockMarket.WebApp.csproj", "{590758C6-11FA-4067-A40F-FE38BF0F08ED}"
EndProject
Project("{FAE04EC0-301F-11D3-BF4B-00C04F79EFBC}") = "StockMarket.Grpc.ClientLib", "StockMarket.Grpc.ClientLib\StockMarket.Grpc.ClientLib.csproj", "{4C2A4C67-4046-4503-A598-DF48FA27D002}"
EndProject
Project("{FAE04EC0-301F-11D3-BF4B-00C04F79EFBC}") = "StockMarket.TickerGenerator", "StockMarket.TickerGenerator\StockMarket.TickerGenerator.csproj", "{6A755BF5-4E57-409A-BBF5-3304C8AAB524}"
EndProject
Project("{FAE04EC0-301F-11D3-BF4B-00C04F79EFBC}") = "StockMarket.Common", "StockMarket.Common\StockMarket.Common.csproj", "{2E28F536-D886-464C-B005-B3423FF550E4}"
EndProject
Project("{FAE04EC0-301F-11D3-BF4B-00C04F79EFBC}") = "StockMarket.Grpc.Service", "StockMarket.Grpc.Service\StockMarket.Grpc.Service.csproj", "{38FED3F7-27C9-443B-8D59-8165C137A4FA}"
EndProject
Project("{FAE04EC0-301F-11D3-BF4B-00C04F79EFBC}") = "StockMarket.Grpc.StreamingClient", "StockMarket.Grpc.StreamingClient\StockMarket.Grpc.StreamingClient.csproj", "{6C06559D-28C9-4EB0-BDCF-E7A2FF36070C}"
EndProject
Project("{FAE04EC0-301F-11D3-BF4B-00C04F79EFBC}") = "StockMarket.Grpc.HealthCheckClient", "StockMarket.Grpc.HealthCheckClient\StockMarket.Grpc.HealthCheckClient.csproj", "{7DAC6140-9D48-4C76-A3C5-AC5B1DA18C31}"
EndProject
Project("{FAE04EC0-301F-11D3-BF4B-00C04F79EFBC}") = "StockMarket.Grpc.ClientServerStreaming", "StockMarket.Grpc.ClientServerStreaming\StockMarket.Grpc.ClientServerStreaming.csproj", "{0E627B3D-4EEA-4619-8F0F-1C426756D93E}"
EndProject
Project("{FAE04EC0-301F-11D3-BF4B-00C04F79EFBC}") = "StockMarket.Grpc.Client", "StockMarket.Grpc.Client\StockMarket.Grpc.Client.csproj", "{AA452287-8B1F-4FE0-8C59-C91C3D12E5DA}"
EndProject
Project("{2150E333-8FDC-42A3-9474-1A3956D46DE8}") = "REST", "REST", "{5D22D434-0C26-4E66-A57C-736E7A22C6A8}"
EndProject
Project("{FAE04EC0-301F-11D3-BF4B-00C04F79EFBC}") = "StockMarket.REST.Server", "StockMarket.REST.Server\StockMarket.REST.Server.csproj", "{858F17F9-EA60-41DF-95FD-09A6DDFB9251}"
EndProject
Project("{FAE04EC0-301F-11D3-BF4B-00C04F79EFBC}") = "StockMarket.REST.Client", "StockMarket.REST.Client\StockMarket.REST.Client.csproj", "{43AA62A4-31B9-4113-A323-9FEA2C463446}"
EndProject
Project("{2150E333-8FDC-42A3-9474-1A3956D46DE8}") = "GrpcWithoutProto", "GrpcWithoutProto", "{09917DB1-0E01-4B23-9C41-A423F6A08D1C}"
EndProject
Project("{FAE04EC0-301F-11D3-BF4B-00C04F79EFBC}") = "StockMarket.Grpc.Shared", "StockMarket.Grpc.Shared\StockMarket.Grpc.Shared.csproj", "{931ADDC9-6F73-4E02-A507-128D1354F58C}"
EndProject
Project("{FAE04EC0-301F-11D3-BF4B-00C04F79EFBC}") = "StockMarket.Grpc.Protobuf.Server", "StockMarket.Grpc.Protobuf.Server\StockMarket.Grpc.Protobuf.Server.csproj", "{2E25B9C2-F407-46F2-A0BE-58D81B34B9E1}"
EndProject
Project("{FAE04EC0-301F-11D3-BF4B-00C04F79EFBC}") = "StockMarket.Grpc.Protobuf.Client", "StockMarket.Grpc.Protobuf.Client\StockMarket.Grpc.Protobuf.Client.csproj", "{9548E23D-F4CA-4B2D-A5AB-141A875E3E97}"
EndProject
Project("{2150E333-8FDC-42A3-9474-1A3956D46DE8}") = "Benchmarks", "Benchmarks", "{50FF214B-01AC-4DE1-A233-32A7A2EF4699}"
EndProject
Project("{FAE04EC0-301F-11D3-BF4B-00C04F79EFBC}") = "Benchmark", "Benchmark\Benchmark.csproj", "{1F1471F8-33FB-4D0D-8F53-E93BBD6F5C0A}"
EndProject
Project("{F2A71F9B-5D33-465A-A702-920D77279786}") = "BenchmarkUtils", "BenchmarkUtils\BenchmarkUtils.fsproj", "{BCB697AF-E6C1-410E-8DD5-2761C7D95316}"
EndProject
Global
	GlobalSection(SolutionConfigurationPlatforms) = preSolution
		Debug|Any CPU = Debug|Any CPU
		Release|Any CPU = Release|Any CPU
	EndGlobalSection
	GlobalSection(ProjectConfigurationPlatforms) = postSolution
		{590758C6-11FA-4067-A40F-FE38BF0F08ED}.Debug|Any CPU.ActiveCfg = Debug|Any CPU
		{590758C6-11FA-4067-A40F-FE38BF0F08ED}.Debug|Any CPU.Build.0 = Debug|Any CPU
		{590758C6-11FA-4067-A40F-FE38BF0F08ED}.Release|Any CPU.ActiveCfg = Release|Any CPU
		{590758C6-11FA-4067-A40F-FE38BF0F08ED}.Release|Any CPU.Build.0 = Release|Any CPU
		{4C2A4C67-4046-4503-A598-DF48FA27D002}.Debug|Any CPU.ActiveCfg = Debug|Any CPU
		{4C2A4C67-4046-4503-A598-DF48FA27D002}.Debug|Any CPU.Build.0 = Debug|Any CPU
		{4C2A4C67-4046-4503-A598-DF48FA27D002}.Release|Any CPU.ActiveCfg = Release|Any CPU
		{4C2A4C67-4046-4503-A598-DF48FA27D002}.Release|Any CPU.Build.0 = Release|Any CPU
		{6A755BF5-4E57-409A-BBF5-3304C8AAB524}.Debug|Any CPU.ActiveCfg = Debug|Any CPU
		{6A755BF5-4E57-409A-BBF5-3304C8AAB524}.Debug|Any CPU.Build.0 = Debug|Any CPU
		{6A755BF5-4E57-409A-BBF5-3304C8AAB524}.Release|Any CPU.ActiveCfg = Release|Any CPU
		{6A755BF5-4E57-409A-BBF5-3304C8AAB524}.Release|Any CPU.Build.0 = Release|Any CPU
		{2E28F536-D886-464C-B005-B3423FF550E4}.Debug|Any CPU.ActiveCfg = Debug|Any CPU
		{2E28F536-D886-464C-B005-B3423FF550E4}.Debug|Any CPU.Build.0 = Debug|Any CPU
		{2E28F536-D886-464C-B005-B3423FF550E4}.Release|Any CPU.ActiveCfg = Release|Any CPU
		{2E28F536-D886-464C-B005-B3423FF550E4}.Release|Any CPU.Build.0 = Release|Any CPU
		{38FED3F7-27C9-443B-8D59-8165C137A4FA}.Debug|Any CPU.ActiveCfg = Debug|Any CPU
		{38FED3F7-27C9-443B-8D59-8165C137A4FA}.Debug|Any CPU.Build.0 = Debug|Any CPU
		{38FED3F7-27C9-443B-8D59-8165C137A4FA}.Release|Any CPU.ActiveCfg = Release|Any CPU
		{38FED3F7-27C9-443B-8D59-8165C137A4FA}.Release|Any CPU.Build.0 = Release|Any CPU
		{6C06559D-28C9-4EB0-BDCF-E7A2FF36070C}.Debug|Any CPU.ActiveCfg = Debug|Any CPU
		{6C06559D-28C9-4EB0-BDCF-E7A2FF36070C}.Debug|Any CPU.Build.0 = Debug|Any CPU
		{6C06559D-28C9-4EB0-BDCF-E7A2FF36070C}.Release|Any CPU.ActiveCfg = Release|Any CPU
		{6C06559D-28C9-4EB0-BDCF-E7A2FF36070C}.Release|Any CPU.Build.0 = Release|Any CPU
		{7DAC6140-9D48-4C76-A3C5-AC5B1DA18C31}.Debug|Any CPU.ActiveCfg = Debug|Any CPU
		{7DAC6140-9D48-4C76-A3C5-AC5B1DA18C31}.Debug|Any CPU.Build.0 = Debug|Any CPU
		{7DAC6140-9D48-4C76-A3C5-AC5B1DA18C31}.Release|Any CPU.ActiveCfg = Release|Any CPU
		{7DAC6140-9D48-4C76-A3C5-AC5B1DA18C31}.Release|Any CPU.Build.0 = Release|Any CPU
		{0E627B3D-4EEA-4619-8F0F-1C426756D93E}.Debug|Any CPU.ActiveCfg = Debug|Any CPU
		{0E627B3D-4EEA-4619-8F0F-1C426756D93E}.Debug|Any CPU.Build.0 = Debug|Any CPU
		{0E627B3D-4EEA-4619-8F0F-1C426756D93E}.Release|Any CPU.ActiveCfg = Release|Any CPU
		{0E627B3D-4EEA-4619-8F0F-1C426756D93E}.Release|Any CPU.Build.0 = Release|Any CPU
		{AA452287-8B1F-4FE0-8C59-C91C3D12E5DA}.Debug|Any CPU.ActiveCfg = Debug|Any CPU
		{AA452287-8B1F-4FE0-8C59-C91C3D12E5DA}.Debug|Any CPU.Build.0 = Debug|Any CPU
		{AA452287-8B1F-4FE0-8C59-C91C3D12E5DA}.Release|Any CPU.ActiveCfg = Release|Any CPU
		{AA452287-8B1F-4FE0-8C59-C91C3D12E5DA}.Release|Any CPU.Build.0 = Release|Any CPU
		{858F17F9-EA60-41DF-95FD-09A6DDFB9251}.Debug|Any CPU.ActiveCfg = Debug|Any CPU
		{858F17F9-EA60-41DF-95FD-09A6DDFB9251}.Debug|Any CPU.Build.0 = Debug|Any CPU
		{858F17F9-EA60-41DF-95FD-09A6DDFB9251}.Release|Any CPU.ActiveCfg = Release|Any CPU
		{858F17F9-EA60-41DF-95FD-09A6DDFB9251}.Release|Any CPU.Build.0 = Release|Any CPU
		{43AA62A4-31B9-4113-A323-9FEA2C463446}.Debug|Any CPU.ActiveCfg = Debug|Any CPU
		{43AA62A4-31B9-4113-A323-9FEA2C463446}.Debug|Any CPU.Build.0 = Debug|Any CPU
		{43AA62A4-31B9-4113-A323-9FEA2C463446}.Release|Any CPU.ActiveCfg = Release|Any CPU
		{43AA62A4-31B9-4113-A323-9FEA2C463446}.Release|Any CPU.Build.0 = Release|Any CPU
		{931ADDC9-6F73-4E02-A507-128D1354F58C}.Debug|Any CPU.ActiveCfg = Debug|Any CPU
		{931ADDC9-6F73-4E02-A507-128D1354F58C}.Debug|Any CPU.Build.0 = Debug|Any CPU
		{931ADDC9-6F73-4E02-A507-128D1354F58C}.Release|Any CPU.ActiveCfg = Release|Any CPU
		{931ADDC9-6F73-4E02-A507-128D1354F58C}.Release|Any CPU.Build.0 = Release|Any CPU
		{2E25B9C2-F407-46F2-A0BE-58D81B34B9E1}.Debug|Any CPU.ActiveCfg = Debug|Any CPU
		{2E25B9C2-F407-46F2-A0BE-58D81B34B9E1}.Debug|Any CPU.Build.0 = Debug|Any CPU
		{2E25B9C2-F407-46F2-A0BE-58D81B34B9E1}.Release|Any CPU.ActiveCfg = Release|Any CPU
		{2E25B9C2-F407-46F2-A0BE-58D81B34B9E1}.Release|Any CPU.Build.0 = Release|Any CPU
		{9548E23D-F4CA-4B2D-A5AB-141A875E3E97}.Debug|Any CPU.ActiveCfg = Debug|Any CPU
		{9548E23D-F4CA-4B2D-A5AB-141A875E3E97}.Debug|Any CPU.Build.0 = Debug|Any CPU
		{9548E23D-F4CA-4B2D-A5AB-141A875E3E97}.Release|Any CPU.ActiveCfg = Release|Any CPU
		{9548E23D-F4CA-4B2D-A5AB-141A875E3E97}.Release|Any CPU.Build.0 = Release|Any CPU
		{1F1471F8-33FB-4D0D-8F53-E93BBD6F5C0A}.Debug|Any CPU.ActiveCfg = Debug|Any CPU
		{1F1471F8-33FB-4D0D-8F53-E93BBD6F5C0A}.Debug|Any CPU.Build.0 = Debug|Any CPU
		{1F1471F8-33FB-4D0D-8F53-E93BBD6F5C0A}.Release|Any CPU.ActiveCfg = Release|Any CPU
		{1F1471F8-33FB-4D0D-8F53-E93BBD6F5C0A}.Release|Any CPU.Build.0 = Release|Any CPU
		{BCB697AF-E6C1-410E-8DD5-2761C7D95316}.Debug|Any CPU.ActiveCfg = Debug|Any CPU
		{BCB697AF-E6C1-410E-8DD5-2761C7D95316}.Debug|Any CPU.Build.0 = Debug|Any CPU
		{BCB697AF-E6C1-410E-8DD5-2761C7D95316}.Release|Any CPU.ActiveCfg = Release|Any CPU
		{BCB697AF-E6C1-410E-8DD5-2761C7D95316}.Release|Any CPU.Build.0 = Release|Any CPU
	EndGlobalSection
	GlobalSection(NestedProjects) = preSolution
		{858F17F9-EA60-41DF-95FD-09A6DDFB9251} = {5D22D434-0C26-4E66-A57C-736E7A22C6A8}
		{43AA62A4-31B9-4113-A323-9FEA2C463446} = {5D22D434-0C26-4E66-A57C-736E7A22C6A8}
		{931ADDC9-6F73-4E02-A507-128D1354F58C} = {09917DB1-0E01-4B23-9C41-A423F6A08D1C}
		{2E25B9C2-F407-46F2-A0BE-58D81B34B9E1} = {09917DB1-0E01-4B23-9C41-A423F6A08D1C}
		{9548E23D-F4CA-4B2D-A5AB-141A875E3E97} = {09917DB1-0E01-4B23-9C41-A423F6A08D1C}
		{1F1471F8-33FB-4D0D-8F53-E93BBD6F5C0A} = {50FF214B-01AC-4DE1-A233-32A7A2EF4699}
		{BCB697AF-E6C1-410E-8DD5-2761C7D95316} = {50FF214B-01AC-4DE1-A233-32A7A2EF4699}
	EndGlobalSection
EndGlobal
