
Microsoft Visual Studio Solution File, Format Version 12.00
# Visual Studio Version 16
VisualStudioVersion = 16.0.29728.190
MinimumVisualStudioVersion = 10.0.40219.1
Project("{9A19103F-16F7-4668-BE54-9A1E7A4F7556}") = "StockMarket.Grpc.Server", "GrpcStockMarketService\StockMarket.Grpc.Server.csproj", "{8D8D4914-107C-4AC1-A23E-F67C308EC592}"
EndProject
Project("{6EC3EE1D-3C4E-46DD-8F32-0CC8E7565705}") = "StockHistoryGenerator", "StockHistoryGenerator\StockHistoryGenerator.fsproj", "{B1132B79-33C7-48FA-A8E8-2479811DDD36}"
EndProject
Project("{9A19103F-16F7-4668-BE54-9A1E7A4F7556}") = "Benchmark", "Benchmark\Benchmark.csproj", "{A4396C38-87E1-42E2-A244-44151C75AFB0}"
EndProject
Project("{2150E333-8FDC-42A3-9474-1A3956D46DE8}") = "Protos", "Protos", "{04F44AE3-56F0-4A3B-B399-84D9538DBBFA}"
	ProjectSection(SolutionItems) = preProject
		customtypes.proto = customtypes.proto
		Protos\stockmarket.proto = Protos\stockmarket.proto
	EndProjectSection
EndProject
Project("{9A19103F-16F7-4668-BE54-9A1E7A4F7556}") = "StockMarket.WebApp", "StockMarket.WebApp\StockMarket.WebApp.csproj", "{3DB61624-D34E-4F28-AC80-8502F1A91812}"
EndProject
Project("{9A19103F-16F7-4668-BE54-9A1E7A4F7556}") = "StockMarket.Grpc.ClientLib", "StockMArket.Grpc.ClientLib\StockMarket.Grpc.ClientLib.csproj", "{13F6950C-3512-4DB2-979E-AF13A326F95D}"
EndProject
Project("{9A19103F-16F7-4668-BE54-9A1E7A4F7556}") = "StockMarket.Grpc.Client", "StockMarket.Grpc.Client\StockMarket.Grpc.Client.csproj", "{38A228F7-0D66-4B8E-AAE6-0C8CC1B84F1D}"
EndProject
Project("{9A19103F-16F7-4668-BE54-9A1E7A4F7556}") = "StockMarket.Grpc.StreamingClient", "StockMarket.Grpc.StreamingClient\StockMarket.Grpc.StreamingClient.csproj", "{F95936B1-CB7E-4542-A39F-73A2FAA05841}"
EndProject
Project("{9A19103F-16F7-4668-BE54-9A1E7A4F7556}") = "StockMarket.Grpc.HealthCheckClient", "StockMarket.Grpc.HealthCheckClient\StockMarket.Grpc.HealthCheckClient.csproj", "{BD449218-BA71-4D15-9884-844A2D151367}"
EndProject
Project("{9A19103F-16F7-4668-BE54-9A1E7A4F7556}") = "StockMarket.Grpc.ClientServerStreaming", "StockMarket.Grpc.ClientServerStreaming\StockMarket.Grpc.ClientServerStreaming.csproj", "{0154392F-1993-48B5-9024-D2237FB5BCDA}"
EndProject
Project("{2150E333-8FDC-42A3-9474-1A3956D46DE8}") = "REST", "REST", "{36EF21E2-55F2-437F-A649-5F1AE2224710}"
EndProject
Project("{9A19103F-16F7-4668-BE54-9A1E7A4F7556}") = "StockMarket.Rest.Client", "REST\StockMarket.Rest.Client\StockMarket.Rest.Client.csproj", "{C1394735-33D2-4B5B-890D-469BE03FD27C}"
EndProject
Project("{9A19103F-16F7-4668-BE54-9A1E7A4F7556}") = "StockMarket.Rest.Server", "REST\StockMarket.Rest.Server\StockMarket.Rest.Server.csproj", "{3ED8AAA3-94E2-49E7-BBA9-43AA77D209AA}"
EndProject
Project("{2150E333-8FDC-42A3-9474-1A3956D46DE8}") = "GRPCProtobuf", "GRPCProtobuf", "{7FC26FED-3E0B-403D-BBFE-A168636AA161}"
EndProject
Project("{9A19103F-16F7-4668-BE54-9A1E7A4F7556}") = "StockMarket.Grpc.Protobuf.Server", "GRPCProtobuf\StockMarket.Grpc.Protobuf.Server\StockMarket.Grpc.Protobuf.Server.csproj", "{90DD89A1-CE35-4C13-B9A1-6CECC7C867A2}"
EndProject
Project("{9A19103F-16F7-4668-BE54-9A1E7A4F7556}") = "StockMarket.Grpc.Shared", "StockMarket.Grpc.Shared\StockMarket.Grpc.Shared.csproj", "{216F32F7-59F5-4D5C-95D4-7E793876C0BD}"
EndProject
Project("{9A19103F-16F7-4668-BE54-9A1E7A4F7556}") = "StockMarket.Grpc.Protobuf.Client", "StockMarket.Grpc.Protobuf.Client\StockMarket.Grpc.Protobuf.Client.csproj", "{2989341D-9057-4357-9FA9-A446EB5486A7}"
EndProject
Project("{888888A0-9F3D-457C-B088-3A5042F75D52}") = "GrpcPythonClient", "GrpcPythonClient\GrpcPythonClient.pyproj", "{363E93E2-3019-4410-BB0F-E893E0FBA1E6}"
EndProject
Project("{2150E333-8FDC-42A3-9474-1A3956D46DE8}") = "Benchamrks", "Benchamrks", "{1639B117-578D-4BC2-97E7-D02C512BA03A}"
EndProject
Project("{6EC3EE1D-3C4E-46DD-8F32-0CC8E7565705}") = "BenchmarkUtils", "BenchmarkUtils\BenchmarkUtils.fsproj", "{578E1323-CCED-42CB-8EC3-57A4EAD2C113}"
EndProject
Global
	GlobalSection(SolutionConfigurationPlatforms) = preSolution
		Debug|Any CPU = Debug|Any CPU
		Release|Any CPU = Release|Any CPU
	EndGlobalSection
	GlobalSection(ProjectConfigurationPlatforms) = postSolution
		{8D8D4914-107C-4AC1-A23E-F67C308EC592}.Debug|Any CPU.ActiveCfg = Debug|Any CPU
		{8D8D4914-107C-4AC1-A23E-F67C308EC592}.Debug|Any CPU.Build.0 = Debug|Any CPU
		{8D8D4914-107C-4AC1-A23E-F67C308EC592}.Release|Any CPU.ActiveCfg = Release|Any CPU
		{8D8D4914-107C-4AC1-A23E-F67C308EC592}.Release|Any CPU.Build.0 = Release|Any CPU
		{B1132B79-33C7-48FA-A8E8-2479811DDD36}.Debug|Any CPU.ActiveCfg = Debug|Any CPU
		{B1132B79-33C7-48FA-A8E8-2479811DDD36}.Debug|Any CPU.Build.0 = Debug|Any CPU
		{B1132B79-33C7-48FA-A8E8-2479811DDD36}.Release|Any CPU.ActiveCfg = Release|Any CPU
		{B1132B79-33C7-48FA-A8E8-2479811DDD36}.Release|Any CPU.Build.0 = Release|Any CPU
		{A4396C38-87E1-42E2-A244-44151C75AFB0}.Debug|Any CPU.ActiveCfg = Debug|Any CPU
		{A4396C38-87E1-42E2-A244-44151C75AFB0}.Debug|Any CPU.Build.0 = Debug|Any CPU
		{A4396C38-87E1-42E2-A244-44151C75AFB0}.Release|Any CPU.ActiveCfg = Release|Any CPU
		{A4396C38-87E1-42E2-A244-44151C75AFB0}.Release|Any CPU.Build.0 = Release|Any CPU
		{3DB61624-D34E-4F28-AC80-8502F1A91812}.Debug|Any CPU.ActiveCfg = Debug|Any CPU
		{3DB61624-D34E-4F28-AC80-8502F1A91812}.Debug|Any CPU.Build.0 = Debug|Any CPU
		{3DB61624-D34E-4F28-AC80-8502F1A91812}.Release|Any CPU.ActiveCfg = Release|Any CPU
		{3DB61624-D34E-4F28-AC80-8502F1A91812}.Release|Any CPU.Build.0 = Release|Any CPU
		{13F6950C-3512-4DB2-979E-AF13A326F95D}.Debug|Any CPU.ActiveCfg = Debug|Any CPU
		{13F6950C-3512-4DB2-979E-AF13A326F95D}.Debug|Any CPU.Build.0 = Debug|Any CPU
		{13F6950C-3512-4DB2-979E-AF13A326F95D}.Release|Any CPU.ActiveCfg = Release|Any CPU
		{13F6950C-3512-4DB2-979E-AF13A326F95D}.Release|Any CPU.Build.0 = Release|Any CPU
		{38A228F7-0D66-4B8E-AAE6-0C8CC1B84F1D}.Debug|Any CPU.ActiveCfg = Debug|Any CPU
		{38A228F7-0D66-4B8E-AAE6-0C8CC1B84F1D}.Debug|Any CPU.Build.0 = Debug|Any CPU
		{38A228F7-0D66-4B8E-AAE6-0C8CC1B84F1D}.Release|Any CPU.ActiveCfg = Release|Any CPU
		{38A228F7-0D66-4B8E-AAE6-0C8CC1B84F1D}.Release|Any CPU.Build.0 = Release|Any CPU
		{F95936B1-CB7E-4542-A39F-73A2FAA05841}.Debug|Any CPU.ActiveCfg = Debug|Any CPU
		{F95936B1-CB7E-4542-A39F-73A2FAA05841}.Debug|Any CPU.Build.0 = Debug|Any CPU
		{F95936B1-CB7E-4542-A39F-73A2FAA05841}.Release|Any CPU.ActiveCfg = Release|Any CPU
		{F95936B1-CB7E-4542-A39F-73A2FAA05841}.Release|Any CPU.Build.0 = Release|Any CPU
		{BD449218-BA71-4D15-9884-844A2D151367}.Debug|Any CPU.ActiveCfg = Debug|Any CPU
		{BD449218-BA71-4D15-9884-844A2D151367}.Debug|Any CPU.Build.0 = Debug|Any CPU
		{BD449218-BA71-4D15-9884-844A2D151367}.Release|Any CPU.ActiveCfg = Release|Any CPU
		{BD449218-BA71-4D15-9884-844A2D151367}.Release|Any CPU.Build.0 = Release|Any CPU
		{0154392F-1993-48B5-9024-D2237FB5BCDA}.Debug|Any CPU.ActiveCfg = Debug|Any CPU
		{0154392F-1993-48B5-9024-D2237FB5BCDA}.Debug|Any CPU.Build.0 = Debug|Any CPU
		{0154392F-1993-48B5-9024-D2237FB5BCDA}.Release|Any CPU.ActiveCfg = Release|Any CPU
		{0154392F-1993-48B5-9024-D2237FB5BCDA}.Release|Any CPU.Build.0 = Release|Any CPU
		{C1394735-33D2-4B5B-890D-469BE03FD27C}.Debug|Any CPU.ActiveCfg = Debug|Any CPU
		{C1394735-33D2-4B5B-890D-469BE03FD27C}.Debug|Any CPU.Build.0 = Debug|Any CPU
		{C1394735-33D2-4B5B-890D-469BE03FD27C}.Release|Any CPU.ActiveCfg = Release|Any CPU
		{C1394735-33D2-4B5B-890D-469BE03FD27C}.Release|Any CPU.Build.0 = Release|Any CPU
		{3ED8AAA3-94E2-49E7-BBA9-43AA77D209AA}.Debug|Any CPU.ActiveCfg = Debug|Any CPU
		{3ED8AAA3-94E2-49E7-BBA9-43AA77D209AA}.Debug|Any CPU.Build.0 = Debug|Any CPU
		{3ED8AAA3-94E2-49E7-BBA9-43AA77D209AA}.Release|Any CPU.ActiveCfg = Release|Any CPU
		{3ED8AAA3-94E2-49E7-BBA9-43AA77D209AA}.Release|Any CPU.Build.0 = Release|Any CPU
		{90DD89A1-CE35-4C13-B9A1-6CECC7C867A2}.Debug|Any CPU.ActiveCfg = Debug|Any CPU
		{90DD89A1-CE35-4C13-B9A1-6CECC7C867A2}.Debug|Any CPU.Build.0 = Debug|Any CPU
		{90DD89A1-CE35-4C13-B9A1-6CECC7C867A2}.Release|Any CPU.ActiveCfg = Release|Any CPU
		{90DD89A1-CE35-4C13-B9A1-6CECC7C867A2}.Release|Any CPU.Build.0 = Release|Any CPU
		{216F32F7-59F5-4D5C-95D4-7E793876C0BD}.Debug|Any CPU.ActiveCfg = Debug|Any CPU
		{216F32F7-59F5-4D5C-95D4-7E793876C0BD}.Debug|Any CPU.Build.0 = Debug|Any CPU
		{216F32F7-59F5-4D5C-95D4-7E793876C0BD}.Release|Any CPU.ActiveCfg = Release|Any CPU
		{216F32F7-59F5-4D5C-95D4-7E793876C0BD}.Release|Any CPU.Build.0 = Release|Any CPU
		{2989341D-9057-4357-9FA9-A446EB5486A7}.Debug|Any CPU.ActiveCfg = Debug|Any CPU
		{2989341D-9057-4357-9FA9-A446EB5486A7}.Debug|Any CPU.Build.0 = Debug|Any CPU
		{2989341D-9057-4357-9FA9-A446EB5486A7}.Release|Any CPU.ActiveCfg = Release|Any CPU
		{2989341D-9057-4357-9FA9-A446EB5486A7}.Release|Any CPU.Build.0 = Release|Any CPU
		{363E93E2-3019-4410-BB0F-E893E0FBA1E6}.Debug|Any CPU.ActiveCfg = Debug|Any CPU
		{363E93E2-3019-4410-BB0F-E893E0FBA1E6}.Release|Any CPU.ActiveCfg = Release|Any CPU
		{578E1323-CCED-42CB-8EC3-57A4EAD2C113}.Debug|Any CPU.ActiveCfg = Debug|Any CPU
		{578E1323-CCED-42CB-8EC3-57A4EAD2C113}.Debug|Any CPU.Build.0 = Debug|Any CPU
		{578E1323-CCED-42CB-8EC3-57A4EAD2C113}.Release|Any CPU.ActiveCfg = Release|Any CPU
		{578E1323-CCED-42CB-8EC3-57A4EAD2C113}.Release|Any CPU.Build.0 = Release|Any CPU
	EndGlobalSection
	GlobalSection(SolutionProperties) = preSolution
		HideSolutionNode = FALSE
	EndGlobalSection
	GlobalSection(NestedProjects) = preSolution
		{A4396C38-87E1-42E2-A244-44151C75AFB0} = {1639B117-578D-4BC2-97E7-D02C512BA03A}
		{C1394735-33D2-4B5B-890D-469BE03FD27C} = {36EF21E2-55F2-437F-A649-5F1AE2224710}
		{3ED8AAA3-94E2-49E7-BBA9-43AA77D209AA} = {36EF21E2-55F2-437F-A649-5F1AE2224710}
		{90DD89A1-CE35-4C13-B9A1-6CECC7C867A2} = {7FC26FED-3E0B-403D-BBFE-A168636AA161}
		{216F32F7-59F5-4D5C-95D4-7E793876C0BD} = {7FC26FED-3E0B-403D-BBFE-A168636AA161}
		{2989341D-9057-4357-9FA9-A446EB5486A7} = {7FC26FED-3E0B-403D-BBFE-A168636AA161}
		{578E1323-CCED-42CB-8EC3-57A4EAD2C113} = {1639B117-578D-4BC2-97E7-D02C512BA03A}
	EndGlobalSection
	GlobalSection(ExtensibilityGlobals) = postSolution
		SolutionGuid = {4BA96AEC-800E-48CB-B0C3-3CFBF6F66517}
	EndGlobalSection
EndGlobal
